
Microsoft Visual Studio Solution File, Format Version 12.00
# Visual Studio Version 16
VisualStudioVersion = 16.0.33927.289
MinimumVisualStudioVersion = 10.0.40219.1
Project("{2150E333-8FDC-42A3-9474-1A3956D46DE8}") = "Task0", "Task0", "{4357C29D-1D7A-4F1C-87D0-6359C4EE7808}"
EndProject
Project("{FAE04EC0-301F-11D3-BF4B-00C04F79EFBC}") = "Tyuiu.KulakovEE.Sprint1.Task0.V11", "Tyuiu.KulakovEE.Sprint1.Task0.V11\Tyuiu.KulakovEE.Sprint1.Task0.V11.csproj", "{676699B3-C5C0-4F56-A783-587843B9530A}"
EndProject
Project("{FAE04EC0-301F-11D3-BF4B-00C04F79EFBC}") = "Tyuiu.KulakovEE.Sprint1.Task0.V11.Lib", "Tyuiu.KulakovEE.Sprint1.Task0.V11.Lib\Tyuiu.KulakovEE.Sprint1.Task0.V11.Lib.csproj", "{DD021942-F86E-4FCC-9630-E2322C883415}"
EndProject
Project("{FAE04EC0-301F-11D3-BF4B-00C04F79EFBC}") = "Tyuiu.KulakovEE.Sprint1.Task0.V11.Test", "Tyuiu.KulakovEE.Sprint1.Task0.V11.Test\Tyuiu.KulakovEE.Sprint1.Task0.V11.Test.csproj", "{6CDF5DFA-2F7A-4AD0-B824-EA6FD1A08396}"
EndProject
Project("{2150E333-8FDC-42A3-9474-1A3956D46DE8}") = "Task1", "Task1", "{B2F09C58-C6F0-49DE-BE35-3355EF935478}"
EndProject
Project("{FAE04EC0-301F-11D3-BF4B-00C04F79EFBC}") = "Tyuiu.KulakovEE.Sprint1.Task1.V27", "Tyuiu.KulakovEE.Sprint1.Task1.V27\Tyuiu.KulakovEE.Sprint1.Task1.V27.csproj", "{D3C2F882-6AD6-44D8-A192-EA88D0F781C3}"
EndProject
Project("{FAE04EC0-301F-11D3-BF4B-00C04F79EFBC}") = "Tyuiu.KulakovEE.Sprint1.Task1.V27.Lib", "Tyuiu.KulakovEE.Sprint1.Task1.V27.Lib\Tyuiu.KulakovEE.Sprint1.Task1.V27.Lib.csproj", "{B53E26DC-DC83-4006-9296-A86A8B29C834}"
EndProject
Project("{FAE04EC0-301F-11D3-BF4B-00C04F79EFBC}") = "Tyuiu.KulakovEE.Sprint1.Task1.V27.Test", "Tyuiu.KulakovEE.Sprint1.Task1.V27.Test\Tyuiu.KulakovEE.Sprint1.Task1.V27.Test.csproj", "{B8C48A37-F055-49DF-9CE1-46ADD176F3BB}"
EndProject
Project("{2150E333-8FDC-42A3-9474-1A3956D46DE8}") = "Task2", "Task2", "{37D10068-1E7C-4C73-9D30-FA77BB1CA92D}"
EndProject
Project("{FAE04EC0-301F-11D3-BF4B-00C04F79EFBC}") = "Tyuiu.KulakovEE.Sprint1.Task2.V3", "Tyuiu.KulakovEE.Sprint1.Task2.V3\Tyuiu.KulakovEE.Sprint1.Task2.V3.csproj", "{381464EC-2AC5-4D63-A951-A78B7C759558}"
EndProject
Project("{FAE04EC0-301F-11D3-BF4B-00C04F79EFBC}") = "Tyuiu.KulakovEE.Sprint1.Task2.V3.Lib", "Tyuiu.KulakovEE.Sprint1.Task2.V3.Lib\Tyuiu.KulakovEE.Sprint1.Task2.V3.Lib.csproj", "{1BD13D05-703D-44C8-B384-86A9E7236A55}"
EndProject
Project("{FAE04EC0-301F-11D3-BF4B-00C04F79EFBC}") = "Tyuiu.KulakovEE.Sprint1.Task2.V3.Test", "Tyuiu.KulakovEE.Sprint1.Task2.V3.Test\Tyuiu.KulakovEE.Sprint1.Task2.V3.Test.csproj", "{246A14F8-4B15-4706-82FB-D3970B15DFBE}"
EndProject
Project("{2150E333-8FDC-42A3-9474-1A3956D46DE8}") = "Task3", "Task3", "{2C6CD911-0EEB-4951-B842-E488818667C4}"
EndProject
Project("{FAE04EC0-301F-11D3-BF4B-00C04F79EFBC}") = "Tyuiu.KulakovEE.Sprint1.Task3.V10", "Tyuiu.KulakovEE.Sprint1.Task3.V10\Tyuiu.KulakovEE.Sprint1.Task3.V10.csproj", "{B4038981-EB57-4C10-BE63-5BD8CEA30F53}"
EndProject
Project("{FAE04EC0-301F-11D3-BF4B-00C04F79EFBC}") = "Tyuiu.KulakovEE.Sprint1.Task3.V10.Lib", "Tyuiu.KulakovEE.Sprint1.Task3.V10.Lib\Tyuiu.KulakovEE.Sprint1.Task3.V10.Lib.csproj", "{CEB758EC-4B74-4779-ABE6-455C7435DA95}"
EndProject
Project("{FAE04EC0-301F-11D3-BF4B-00C04F79EFBC}") = "Tyuiu.KulakovEE.Sprint1.Task3.V10.Test", "Tyuiu.KulakovEE.Sprint1.Task3.V10.Test\Tyuiu.KulakovEE.Sprint1.Task3.V10.Test.csproj", "{4126A09A-F473-49EE-8567-C8B7B17DBCC3}"
EndProject
Project("{2150E333-8FDC-42A3-9474-1A3956D46DE8}") = "Task4", "Task4", "{B7D27607-07CC-4A8E-A9DF-7E2385A386D3}"
EndProject
Project("{FAE04EC0-301F-11D3-BF4B-00C04F79EFBC}") = "Tyuiu.KulakovEE.Sprint1.Task4.V13", "Tyuiu.KulakovEE.Sprint1.Task4.V13\Tyuiu.KulakovEE.Sprint1.Task4.V13.csproj", "{CB778C4B-5200-4A80-ABE4-AF78B76965E0}"
EndProject
Project("{FAE04EC0-301F-11D3-BF4B-00C04F79EFBC}") = "Tyuiu.KulakovEE.Sprint1.Task4.V13.Lib", "Tyuiu.KulakovEE.Sprint1.Task4.V13.Lib\Tyuiu.KulakovEE.Sprint1.Task4.V13.Lib.csproj", "{A1646AF1-276E-462F-A40C-05E4B69206EB}"
EndProject
Project("{FAE04EC0-301F-11D3-BF4B-00C04F79EFBC}") = "Tyuiu.KulakovEE.Sprint1.Task4.V13.Test", "Tyuiu.KulakovEE.Sprint1.Task4.V13.Test\Tyuiu.KulakovEE.Sprint1.Task4.V13.Test.csproj", "{8FAA8491-9048-48FF-B4F3-39574E052185}"
EndProject
Project("{2150E333-8FDC-42A3-9474-1A3956D46DE8}") = "Task5", "Task5", "{F3B796A6-82D8-4D9C-B4E1-A51167394969}"
EndProject
Project("{FAE04EC0-301F-11D3-BF4B-00C04F79EFBC}") = "Tyuiu.KulakovEE.Sprint1.Task5.V2", "Tyuiu.KulakovEE.Sprint1.Task5.V2\Tyuiu.KulakovEE.Sprint1.Task5.V2.csproj", "{33E94DBF-AB10-4F27-9C0F-79B3C4CD38AC}"
EndProject
Project("{FAE04EC0-301F-11D3-BF4B-00C04F79EFBC}") = "Tyuiu.KulakovEE.Sprint1.Task5.V2.Test", "Tyuiu.KulakovEE.Sprint1.Task5.V2.Test\Tyuiu.KulakovEE.Sprint1.Task5.V2.Test.csproj", "{6E6AB7FF-9C60-4CC9-BB5E-D18898E11959}"
EndProject
Project("{FAE04EC0-301F-11D3-BF4B-00C04F79EFBC}") = "Tyuiu.KulakovEE.Sprint1.Task5.V2.Lib", "Tyuiu.KulakovEE.Sprint1.Task5.V2.Lib\Tyuiu.KulakovEE.Sprint1.Task5.V2.Lib.csproj", "{EAC1FC47-112E-4E25-B1B4-2B275E2FD8F0}"
EndProject
Global
	GlobalSection(SolutionConfigurationPlatforms) = preSolution
		Debug|Any CPU = Debug|Any CPU
		Release|Any CPU = Release|Any CPU
	EndGlobalSection
	GlobalSection(ProjectConfigurationPlatforms) = postSolution
		{676699B3-C5C0-4F56-A783-587843B9530A}.Debug|Any CPU.ActiveCfg = Debug|Any CPU
		{676699B3-C5C0-4F56-A783-587843B9530A}.Debug|Any CPU.Build.0 = Debug|Any CPU
		{676699B3-C5C0-4F56-A783-587843B9530A}.Release|Any CPU.ActiveCfg = Release|Any CPU
		{676699B3-C5C0-4F56-A783-587843B9530A}.Release|Any CPU.Build.0 = Release|Any CPU
		{DD021942-F86E-4FCC-9630-E2322C883415}.Debug|Any CPU.ActiveCfg = Debug|Any CPU
		{DD021942-F86E-4FCC-9630-E2322C883415}.Debug|Any CPU.Build.0 = Debug|Any CPU
		{DD021942-F86E-4FCC-9630-E2322C883415}.Release|Any CPU.ActiveCfg = Release|Any CPU
		{DD021942-F86E-4FCC-9630-E2322C883415}.Release|Any CPU.Build.0 = Release|Any CPU
		{6CDF5DFA-2F7A-4AD0-B824-EA6FD1A08396}.Debug|Any CPU.ActiveCfg = Debug|Any CPU
		{6CDF5DFA-2F7A-4AD0-B824-EA6FD1A08396}.Debug|Any CPU.Build.0 = Debug|Any CPU
		{6CDF5DFA-2F7A-4AD0-B824-EA6FD1A08396}.Release|Any CPU.ActiveCfg = Release|Any CPU
		{6CDF5DFA-2F7A-4AD0-B824-EA6FD1A08396}.Release|Any CPU.Build.0 = Release|Any CPU
		{D3C2F882-6AD6-44D8-A192-EA88D0F781C3}.Debug|Any CPU.ActiveCfg = Debug|Any CPU
		{D3C2F882-6AD6-44D8-A192-EA88D0F781C3}.Debug|Any CPU.Build.0 = Debug|Any CPU
		{D3C2F882-6AD6-44D8-A192-EA88D0F781C3}.Release|Any CPU.ActiveCfg = Release|Any CPU
		{D3C2F882-6AD6-44D8-A192-EA88D0F781C3}.Release|Any CPU.Build.0 = Release|Any CPU
		{B53E26DC-DC83-4006-9296-A86A8B29C834}.Debug|Any CPU.ActiveCfg = Debug|Any CPU
		{B53E26DC-DC83-4006-9296-A86A8B29C834}.Debug|Any CPU.Build.0 = Debug|Any CPU
		{B53E26DC-DC83-4006-9296-A86A8B29C834}.Release|Any CPU.ActiveCfg = Release|Any CPU
		{B53E26DC-DC83-4006-9296-A86A8B29C834}.Release|Any CPU.Build.0 = Release|Any CPU
		{B8C48A37-F055-49DF-9CE1-46ADD176F3BB}.Debug|Any CPU.ActiveCfg = Debug|Any CPU
		{B8C48A37-F055-49DF-9CE1-46ADD176F3BB}.Debug|Any CPU.Build.0 = Debug|Any CPU
		{B8C48A37-F055-49DF-9CE1-46ADD176F3BB}.Release|Any CPU.ActiveCfg = Release|Any CPU
		{B8C48A37-F055-49DF-9CE1-46ADD176F3BB}.Release|Any CPU.Build.0 = Release|Any CPU
		{381464EC-2AC5-4D63-A951-A78B7C759558}.Debug|Any CPU.ActiveCfg = Debug|Any CPU
		{381464EC-2AC5-4D63-A951-A78B7C759558}.Debug|Any CPU.Build.0 = Debug|Any CPU
		{381464EC-2AC5-4D63-A951-A78B7C759558}.Release|Any CPU.ActiveCfg = Release|Any CPU
		{381464EC-2AC5-4D63-A951-A78B7C759558}.Release|Any CPU.Build.0 = Release|Any CPU
		{1BD13D05-703D-44C8-B384-86A9E7236A55}.Debug|Any CPU.ActiveCfg = Debug|Any CPU
		{1BD13D05-703D-44C8-B384-86A9E7236A55}.Debug|Any CPU.Build.0 = Debug|Any CPU
		{1BD13D05-703D-44C8-B384-86A9E7236A55}.Release|Any CPU.ActiveCfg = Release|Any CPU
		{1BD13D05-703D-44C8-B384-86A9E7236A55}.Release|Any CPU.Build.0 = Release|Any CPU
		{246A14F8-4B15-4706-82FB-D3970B15DFBE}.Debug|Any CPU.ActiveCfg = Debug|Any CPU
		{246A14F8-4B15-4706-82FB-D3970B15DFBE}.Debug|Any CPU.Build.0 = Debug|Any CPU
		{246A14F8-4B15-4706-82FB-D3970B15DFBE}.Release|Any CPU.ActiveCfg = Release|Any CPU
		{246A14F8-4B15-4706-82FB-D3970B15DFBE}.Release|Any CPU.Build.0 = Release|Any CPU
		{B4038981-EB57-4C10-BE63-5BD8CEA30F53}.Debug|Any CPU.ActiveCfg = Debug|Any CPU
		{B4038981-EB57-4C10-BE63-5BD8CEA30F53}.Debug|Any CPU.Build.0 = Debug|Any CPU
		{B4038981-EB57-4C10-BE63-5BD8CEA30F53}.Release|Any CPU.ActiveCfg = Release|Any CPU
		{B4038981-EB57-4C10-BE63-5BD8CEA30F53}.Release|Any CPU.Build.0 = Release|Any CPU
		{CEB758EC-4B74-4779-ABE6-455C7435DA95}.Debug|Any CPU.ActiveCfg = Debug|Any CPU
		{CEB758EC-4B74-4779-ABE6-455C7435DA95}.Debug|Any CPU.Build.0 = Debug|Any CPU
		{CEB758EC-4B74-4779-ABE6-455C7435DA95}.Release|Any CPU.ActiveCfg = Release|Any CPU
		{CEB758EC-4B74-4779-ABE6-455C7435DA95}.Release|Any CPU.Build.0 = Release|Any CPU
		{4126A09A-F473-49EE-8567-C8B7B17DBCC3}.Debug|Any CPU.ActiveCfg = Debug|Any CPU
		{4126A09A-F473-49EE-8567-C8B7B17DBCC3}.Debug|Any CPU.Build.0 = Debug|Any CPU
		{4126A09A-F473-49EE-8567-C8B7B17DBCC3}.Release|Any CPU.ActiveCfg = Release|Any CPU
		{4126A09A-F473-49EE-8567-C8B7B17DBCC3}.Release|Any CPU.Build.0 = Release|Any CPU
		{CB778C4B-5200-4A80-ABE4-AF78B76965E0}.Debug|Any CPU.ActiveCfg = Debug|Any CPU
		{CB778C4B-5200-4A80-ABE4-AF78B76965E0}.Debug|Any CPU.Build.0 = Debug|Any CPU
		{CB778C4B-5200-4A80-ABE4-AF78B76965E0}.Release|Any CPU.ActiveCfg = Release|Any CPU
		{CB778C4B-5200-4A80-ABE4-AF78B76965E0}.Release|Any CPU.Build.0 = Release|Any CPU
		{A1646AF1-276E-462F-A40C-05E4B69206EB}.Debug|Any CPU.ActiveCfg = Debug|Any CPU
		{A1646AF1-276E-462F-A40C-05E4B69206EB}.Debug|Any CPU.Build.0 = Debug|Any CPU
		{A1646AF1-276E-462F-A40C-05E4B69206EB}.Release|Any CPU.ActiveCfg = Release|Any CPU
		{A1646AF1-276E-462F-A40C-05E4B69206EB}.Release|Any CPU.Build.0 = Release|Any CPU
		{8FAA8491-9048-48FF-B4F3-39574E052185}.Debug|Any CPU.ActiveCfg = Debug|Any CPU
		{8FAA8491-9048-48FF-B4F3-39574E052185}.Debug|Any CPU.Build.0 = Debug|Any CPU
		{8FAA8491-9048-48FF-B4F3-39574E052185}.Release|Any CPU.ActiveCfg = Release|Any CPU
		{8FAA8491-9048-48FF-B4F3-39574E052185}.Release|Any CPU.Build.0 = Release|Any CPU
		{33E94DBF-AB10-4F27-9C0F-79B3C4CD38AC}.Debug|Any CPU.ActiveCfg = Debug|Any CPU
		{33E94DBF-AB10-4F27-9C0F-79B3C4CD38AC}.Debug|Any CPU.Build.0 = Debug|Any CPU
		{33E94DBF-AB10-4F27-9C0F-79B3C4CD38AC}.Release|Any CPU.ActiveCfg = Release|Any CPU
		{33E94DBF-AB10-4F27-9C0F-79B3C4CD38AC}.Release|Any CPU.Build.0 = Release|Any CPU
		{6E6AB7FF-9C60-4CC9-BB5E-D18898E11959}.Debug|Any CPU.ActiveCfg = Debug|Any CPU
		{6E6AB7FF-9C60-4CC9-BB5E-D18898E11959}.Debug|Any CPU.Build.0 = Debug|Any CPU
		{6E6AB7FF-9C60-4CC9-BB5E-D18898E11959}.Release|Any CPU.ActiveCfg = Release|Any CPU
		{6E6AB7FF-9C60-4CC9-BB5E-D18898E11959}.Release|Any CPU.Build.0 = Release|Any CPU
		{EAC1FC47-112E-4E25-B1B4-2B275E2FD8F0}.Debug|Any CPU.ActiveCfg = Debug|Any CPU
		{EAC1FC47-112E-4E25-B1B4-2B275E2FD8F0}.Debug|Any CPU.Build.0 = Debug|Any CPU
		{EAC1FC47-112E-4E25-B1B4-2B275E2FD8F0}.Release|Any CPU.ActiveCfg = Release|Any CPU
		{EAC1FC47-112E-4E25-B1B4-2B275E2FD8F0}.Release|Any CPU.Build.0 = Release|Any CPU
	EndGlobalSection
	GlobalSection(SolutionProperties) = preSolution
		HideSolutionNode = FALSE
	EndGlobalSection
	GlobalSection(NestedProjects) = preSolution
		{676699B3-C5C0-4F56-A783-587843B9530A} = {4357C29D-1D7A-4F1C-87D0-6359C4EE7808}
		{DD021942-F86E-4FCC-9630-E2322C883415} = {4357C29D-1D7A-4F1C-87D0-6359C4EE7808}
		{6CDF5DFA-2F7A-4AD0-B824-EA6FD1A08396} = {4357C29D-1D7A-4F1C-87D0-6359C4EE7808}
		{D3C2F882-6AD6-44D8-A192-EA88D0F781C3} = {B2F09C58-C6F0-49DE-BE35-3355EF935478}
		{B53E26DC-DC83-4006-9296-A86A8B29C834} = {B2F09C58-C6F0-49DE-BE35-3355EF935478}
		{B8C48A37-F055-49DF-9CE1-46ADD176F3BB} = {B2F09C58-C6F0-49DE-BE35-3355EF935478}
		{381464EC-2AC5-4D63-A951-A78B7C759558} = {37D10068-1E7C-4C73-9D30-FA77BB1CA92D}
		{1BD13D05-703D-44C8-B384-86A9E7236A55} = {37D10068-1E7C-4C73-9D30-FA77BB1CA92D}
		{246A14F8-4B15-4706-82FB-D3970B15DFBE} = {37D10068-1E7C-4C73-9D30-FA77BB1CA92D}
		{B4038981-EB57-4C10-BE63-5BD8CEA30F53} = {2C6CD911-0EEB-4951-B842-E488818667C4}
		{CEB758EC-4B74-4779-ABE6-455C7435DA95} = {2C6CD911-0EEB-4951-B842-E488818667C4}
		{4126A09A-F473-49EE-8567-C8B7B17DBCC3} = {2C6CD911-0EEB-4951-B842-E488818667C4}
		{CB778C4B-5200-4A80-ABE4-AF78B76965E0} = {B7D27607-07CC-4A8E-A9DF-7E2385A386D3}
		{A1646AF1-276E-462F-A40C-05E4B69206EB} = {B7D27607-07CC-4A8E-A9DF-7E2385A386D3}
		{8FAA8491-9048-48FF-B4F3-39574E052185} = {B7D27607-07CC-4A8E-A9DF-7E2385A386D3}
		{33E94DBF-AB10-4F27-9C0F-79B3C4CD38AC} = {F3B796A6-82D8-4D9C-B4E1-A51167394969}
		{6E6AB7FF-9C60-4CC9-BB5E-D18898E11959} = {F3B796A6-82D8-4D9C-B4E1-A51167394969}
		{EAC1FC47-112E-4E25-B1B4-2B275E2FD8F0} = {F3B796A6-82D8-4D9C-B4E1-A51167394969}
	EndGlobalSection
	GlobalSection(ExtensibilityGlobals) = postSolution
		SolutionGuid = {1F253DA9-B77E-4C1D-B344-B981F9E04FB3}
	EndGlobalSection
EndGlobal
